
Microsoft Visual Studio Solution File, Format Version 12.00
# Visual Studio Version 17
VisualStudioVersion = 17.9.34622.214
MinimumVisualStudioVersion = 10.0.40219.1
Project("{FAE04EC0-301F-11D3-BF4B-00C04F79EFBC}") = "AlgSort", "AlgSort\AlgSort.csproj", "{4057C25D-1C2B-4122-9837-FDB45DF7E68B}"
EndProject
Project("{FAE04EC0-301F-11D3-BF4B-00C04F79EFBC}") = "SortLibrary", "SortLibrary\SortLibrary.csproj", "{C6AFF34B-0FB0-452B-B382-A21C824792C8}"
EndProject
Global
	GlobalSection(SolutionConfigurationPlatforms) = preSolution
		Debug|Any CPU = Debug|Any CPU
		Release|Any CPU = Release|Any CPU
	EndGlobalSection
	GlobalSection(ProjectConfigurationPlatforms) = postSolution
		{4057C25D-1C2B-4122-9837-FDB45DF7E68B}.Debug|Any CPU.ActiveCfg = Debug|Any CPU
		{4057C25D-1C2B-4122-9837-FDB45DF7E68B}.Debug|Any CPU.Build.0 = Debug|Any CPU
		{4057C25D-1C2B-4122-9837-FDB45DF7E68B}.Release|Any CPU.ActiveCfg = Release|Any CPU
		{4057C25D-1C2B-4122-9837-FDB45DF7E68B}.Release|Any CPU.Build.0 = Release|Any CPU
		{C6AFF34B-0FB0-452B-B382-A21C824792C8}.Debug|Any CPU.ActiveCfg = Debug|Any CPU
		{C6AFF34B-0FB0-452B-B382-A21C824792C8}.Debug|Any CPU.Build.0 = Debug|Any CPU
		{C6AFF34B-0FB0-452B-B382-A21C824792C8}.Release|Any CPU.ActiveCfg = Release|Any CPU
		{C6AFF34B-0FB0-452B-B382-A21C824792C8}.Release|Any CPU.Build.0 = Release|Any CPU
	EndGlobalSection
	GlobalSection(SolutionProperties) = preSolution
		HideSolutionNode = FALSE
	EndGlobalSection
	GlobalSection(ExtensibilityGlobals) = postSolution
		SolutionGuid = {F167DD53-CF77-41D1-A9E5-ED6AC47349AB}
	EndGlobalSection
EndGlobal
